// !$*UTF8*$!
{
	archiveVersion = 1;
	classes = {
	};
	objectVersion = 56;
	objects = {

/* Begin PBXBuildFile section */
		D2DCC72A29819A4F00D0FA4A /* TransitionExamplesApp.swift in Sources */ = {isa = PBXBuildFile; fileRef = D2DCC72929819A4F00D0FA4A /* TransitionExamplesApp.swift */; };
		D2DCC72C29819A4F00D0FA4A /* ScaledCircleExample.swift in Sources */ = {isa = PBXBuildFile; fileRef = D2DCC72B29819A4F00D0FA4A /* ScaledCircleExample.swift */; };
		D2DCC72E29819A5000D0FA4A /* Assets.xcassets in Resources */ = {isa = PBXBuildFile; fileRef = D2DCC72D29819A5000D0FA4A /* Assets.xcassets */; };
		D2DCC73129819A5000D0FA4A /* Preview Assets.xcassets in Resources */ = {isa = PBXBuildFile; fileRef = D2DCC73029819A5000D0FA4A /* Preview Assets.xcassets */; };
		D2DCC73C29819B2300D0FA4A /* ComposableArchitecture in Frameworks */ = {isa = PBXBuildFile; productRef = D2DCC73B29819B2300D0FA4A /* ComposableArchitecture */; };
		D2DCC73E29819B2300D0FA4A /* Dependencies in Frameworks */ = {isa = PBXBuildFile; productRef = D2DCC73D29819B2300D0FA4A /* Dependencies */; };
		D2DCC7402981A07200D0FA4A /* TCATransitions in Frameworks */ = {isa = PBXBuildFile; productRef = D2DCC73F2981A07200D0FA4A /* TCATransitions */; };
/* End PBXBuildFile section */

/* Begin PBXFileReference section */
		D2DCC72729819A4F00D0FA4A /* TransitionExamples.app */ = {isa = PBXFileReference; explicitFileType = wrapper.application; includeInIndex = 0; path = TransitionExamples.app; sourceTree = BUILT_PRODUCTS_DIR; };
		D2DCC72929819A4F00D0FA4A /* TransitionExamplesApp.swift */ = {isa = PBXFileReference; lastKnownFileType = sourcecode.swift; path = TransitionExamplesApp.swift; sourceTree = "<group>"; };
		D2DCC72B29819A4F00D0FA4A /* ScaledCircleExample.swift */ = {isa = PBXFileReference; lastKnownFileType = sourcecode.swift; path = ScaledCircleExample.swift; sourceTree = "<group>"; };
		D2DCC72D29819A5000D0FA4A /* Assets.xcassets */ = {isa = PBXFileReference; lastKnownFileType = folder.assetcatalog; path = Assets.xcassets; sourceTree = "<group>"; };
		D2DCC73029819A5000D0FA4A /* Preview Assets.xcassets */ = {isa = PBXFileReference; lastKnownFileType = folder.assetcatalog; path = "Preview Assets.xcassets"; sourceTree = "<group>"; };
/* End PBXFileReference section */

/* Begin PBXFrameworksBuildPhase section */
		D2DCC72429819A4F00D0FA4A /* Frameworks */ = {
			isa = PBXFrameworksBuildPhase;
			buildActionMask = 2147483647;
			files = (
				D2DCC73E29819B2300D0FA4A /* Dependencies in Frameworks */,
				D2DCC7402981A07200D0FA4A /* TCATransitions in Frameworks */,
				D2DCC73C29819B2300D0FA4A /* ComposableArchitecture in Frameworks */,
			);
			runOnlyForDeploymentPostprocessing = 0;
		};
/* End PBXFrameworksBuildPhase section */

/* Begin PBXGroup section */
		D227D291298199B0004A5D03 = {
			isa = PBXGroup;
			children = (
				D2DCC72829819A4F00D0FA4A /* TransitionExamples */,
				D227D29B298199B0004A5D03 /* Products */,
				D2DCC73729819AD600D0FA4A /* Frameworks */,
			);
			sourceTree = "<group>";
		};
		D227D29B298199B0004A5D03 /* Products */ = {
			isa = PBXGroup;
			children = (
				D2DCC72729819A4F00D0FA4A /* TransitionExamples.app */,
			);
			name = Products;
			sourceTree = "<group>";
		};
		D2DCC72829819A4F00D0FA4A /* TransitionExamples */ = {
			isa = PBXGroup;
			children = (
				D2DCC72929819A4F00D0FA4A /* TransitionExamplesApp.swift */,
				D2DCC72B29819A4F00D0FA4A /* ScaledCircleExample.swift */,
				D2DCC72D29819A5000D0FA4A /* Assets.xcassets */,
				D2DCC72F29819A5000D0FA4A /* Preview Content */,
			);
			path = TransitionExamples;
			sourceTree = "<group>";
		};
		D2DCC72F29819A5000D0FA4A /* Preview Content */ = {
			isa = PBXGroup;
			children = (
				D2DCC73029819A5000D0FA4A /* Preview Assets.xcassets */,
			);
			path = "Preview Content";
			sourceTree = "<group>";
		};
		D2DCC73729819AD600D0FA4A /* Frameworks */ = {
			isa = PBXGroup;
			children = (
			);
			name = Frameworks;
			sourceTree = "<group>";
		};
/* End PBXGroup section */

/* Begin PBXNativeTarget section */
		D2DCC72629819A4F00D0FA4A /* TransitionExamples */ = {
			isa = PBXNativeTarget;
			buildConfigurationList = D2DCC73429819A5000D0FA4A /* Build configuration list for PBXNativeTarget "TransitionExamples" */;
			buildPhases = (
				D2DCC72329819A4F00D0FA4A /* Sources */,
				D2DCC72429819A4F00D0FA4A /* Frameworks */,
				D2DCC72529819A4F00D0FA4A /* Resources */,
			);
			buildRules = (
			);
			dependencies = (
			);
			name = TransitionExamples;
			packageProductDependencies = (
				D2DCC73B29819B2300D0FA4A /* ComposableArchitecture */,
				D2DCC73D29819B2300D0FA4A /* Dependencies */,
				D2DCC73F2981A07200D0FA4A /* TCATransitions */,
			);
			productName = TransitionExamples;
			productReference = D2DCC72729819A4F00D0FA4A /* TransitionExamples.app */;
			productType = "com.apple.product-type.application";
		};
/* End PBXNativeTarget section */

/* Begin PBXProject section */
		D227D292298199B0004A5D03 /* Project object */ = {
			isa = PBXProject;
			attributes = {
				BuildIndependentTargetsInParallel = 1;
				LastSwiftUpdateCheck = 1420;
				LastUpgradeCheck = 1420;
				TargetAttributes = {
					D2DCC72629819A4F00D0FA4A = {
						CreatedOnToolsVersion = 14.2;
					};
				};
			};
			buildConfigurationList = D227D295298199B0004A5D03 /* Build configuration list for PBXProject "TcaTransitionExamples" */;
			compatibilityVersion = "Xcode 14.0";
			developmentRegion = en;
			hasScannedForEncodings = 0;
			knownRegions = (
				en,
				Base,
			);
			mainGroup = D227D291298199B0004A5D03;
			packageReferences = (
				D2DCC73A29819B2300D0FA4A /* XCRemoteSwiftPackageReference "swift-composable-architecture" */,
			);
			productRefGroup = D227D29B298199B0004A5D03 /* Products */;
			projectDirPath = "";
			projectRoot = "";
			targets = (
				D2DCC72629819A4F00D0FA4A /* TransitionExamples */,
			);
		};
/* End PBXProject section */

/* Begin PBXResourcesBuildPhase section */
		D2DCC72529819A4F00D0FA4A /* Resources */ = {
			isa = PBXResourcesBuildPhase;
			buildActionMask = 2147483647;
			files = (
				D2DCC73129819A5000D0FA4A /* Preview Assets.xcassets in Resources */,
				D2DCC72E29819A5000D0FA4A /* Assets.xcassets in Resources */,
			);
			runOnlyForDeploymentPostprocessing = 0;
		};
/* End PBXResourcesBuildPhase section */

/* Begin PBXSourcesBuildPhase section */
		D2DCC72329819A4F00D0FA4A /* Sources */ = {
			isa = PBXSourcesBuildPhase;
			buildActionMask = 2147483647;
			files = (
				D2DCC72C29819A4F00D0FA4A /* ScaledCircleExample.swift in Sources */,
				D2DCC72A29819A4F00D0FA4A /* TransitionExamplesApp.swift in Sources */,
			);
			runOnlyForDeploymentPostprocessing = 0;
		};
/* End PBXSourcesBuildPhase section */

/* Begin XCBuildConfiguration section */
		D227D2A6298199B1004A5D03 /* Debug */ = {
			isa = XCBuildConfiguration;
			buildSettings = {
				ALWAYS_SEARCH_USER_PATHS = NO;
				CLANG_ANALYZER_NONNULL = YES;
				CLANG_ANALYZER_NUMBER_OBJECT_CONVERSION = YES_AGGRESSIVE;
				CLANG_CXX_LANGUAGE_STANDARD = "gnu++20";
				CLANG_ENABLE_MODULES = YES;
				CLANG_ENABLE_OBJC_ARC = YES;
				CLANG_ENABLE_OBJC_WEAK = YES;
				CLANG_WARN_BLOCK_CAPTURE_AUTORELEASING = YES;
				CLANG_WARN_BOOL_CONVERSION = YES;
				CLANG_WARN_COMMA = YES;
				CLANG_WARN_CONSTANT_CONVERSION = YES;
				CLANG_WARN_DEPRECATED_OBJC_IMPLEMENTATIONS = YES;
				CLANG_WARN_DIRECT_OBJC_ISA_USAGE = YES_ERROR;
				CLANG_WARN_DOCUMENTATION_COMMENTS = YES;
				CLANG_WARN_EMPTY_BODY = YES;
				CLANG_WARN_ENUM_CONVERSION = YES;
				CLANG_WARN_INFINITE_RECURSION = YES;
				CLANG_WARN_INT_CONVERSION = YES;
				CLANG_WARN_NON_LITERAL_NULL_CONVERSION = YES;
				CLANG_WARN_OBJC_IMPLICIT_RETAIN_SELF = YES;
				CLANG_WARN_OBJC_LITERAL_CONVERSION = YES;
				CLANG_WARN_OBJC_ROOT_CLASS = YES_ERROR;
				CLANG_WARN_QUOTED_INCLUDE_IN_FRAMEWORK_HEADER = YES;
				CLANG_WARN_RANGE_LOOP_ANALYSIS = YES;
				CLANG_WARN_STRICT_PROTOTYPES = YES;
				CLANG_WARN_SUSPICIOUS_MOVE = YES;
				CLANG_WARN_UNGUARDED_AVAILABILITY = YES_AGGRESSIVE;
				CLANG_WARN_UNREACHABLE_CODE = YES;
				CLANG_WARN__DUPLICATE_METHOD_MATCH = YES;
				COPY_PHASE_STRIP = NO;
				DEBUG_INFORMATION_FORMAT = dwarf;
				ENABLE_STRICT_OBJC_MSGSEND = YES;
				ENABLE_TESTABILITY = YES;
				GCC_C_LANGUAGE_STANDARD = gnu11;
				GCC_DYNAMIC_NO_PIC = NO;
				GCC_NO_COMMON_BLOCKS = YES;
				GCC_OPTIMIZATION_LEVEL = 0;
				GCC_PREPROCESSOR_DEFINITIONS = (
					"DEBUG=1",
					"$(inherited)",
				);
				GCC_WARN_64_TO_32_BIT_CONVERSION = YES;
				GCC_WARN_ABOUT_RETURN_TYPE = YES_ERROR;
				GCC_WARN_UNDECLARED_SELECTOR = YES;
				GCC_WARN_UNINITIALIZED_AUTOS = YES_AGGRESSIVE;
				GCC_WARN_UNUSED_FUNCTION = YES;
				GCC_WARN_UNUSED_VARIABLE = YES;
				IPHONEOS_DEPLOYMENT_TARGET = 16.2;
				MTL_ENABLE_DEBUG_INFO = INCLUDE_SOURCE;
				MTL_FAST_MATH = YES;
				ONLY_ACTIVE_ARCH = YES;
				SDKROOT = iphoneos;
				SWIFT_ACTIVE_COMPILATION_CONDITIONS = DEBUG;
				SWIFT_OPTIMIZATION_LEVEL = "-Onone";
			};
			name = Debug;
		};
		D227D2A7298199B1004A5D03 /* Release */ = {
			isa = XCBuildConfiguration;
			buildSettings = {
				ALWAYS_SEARCH_USER_PATHS = NO;
				CLANG_ANALYZER_NONNULL = YES;
				CLANG_ANALYZER_NUMBER_OBJECT_CONVERSION = YES_AGGRESSIVE;
				CLANG_CXX_LANGUAGE_STANDARD = "gnu++20";
				CLANG_ENABLE_MODULES = YES;
				CLANG_ENABLE_OBJC_ARC = YES;
				CLANG_ENABLE_OBJC_WEAK = YES;
				CLANG_WARN_BLOCK_CAPTURE_AUTORELEASING = YES;
				CLANG_WARN_BOOL_CONVERSION = YES;
				CLANG_WARN_COMMA = YES;
				CLANG_WARN_CONSTANT_CONVERSION = YES;
				CLANG_WARN_DEPRECATED_OBJC_IMPLEMENTATIONS = YES;
				CLANG_WARN_DIRECT_OBJC_ISA_USAGE = YES_ERROR;
				CLANG_WARN_DOCUMENTATION_COMMENTS = YES;
				CLANG_WARN_EMPTY_BODY = YES;
				CLANG_WARN_ENUM_CONVERSION = YES;
				CLANG_WARN_INFINITE_RECURSION = YES;
				CLANG_WARN_INT_CONVERSION = YES;
				CLANG_WARN_NON_LITERAL_NULL_CONVERSION = YES;
				CLANG_WARN_OBJC_IMPLICIT_RETAIN_SELF = YES;
				CLANG_WARN_OBJC_LITERAL_CONVERSION = YES;
				CLANG_WARN_OBJC_ROOT_CLASS = YES_ERROR;
				CLANG_WARN_QUOTED_INCLUDE_IN_FRAMEWORK_HEADER = YES;
				CLANG_WARN_RANGE_LOOP_ANALYSIS = YES;
				CLANG_WARN_STRICT_PROTOTYPES = YES;
				CLANG_WARN_SUSPICIOUS_MOVE = YES;
				CLANG_WARN_UNGUARDED_AVAILABILITY = YES_AGGRESSIVE;
				CLANG_WARN_UNREACHABLE_CODE = YES;
				CLANG_WARN__DUPLICATE_METHOD_MATCH = YES;
				COPY_PHASE_STRIP = NO;
				DEBUG_INFORMATION_FORMAT = "dwarf-with-dsym";
				ENABLE_NS_ASSERTIONS = NO;
				ENABLE_STRICT_OBJC_MSGSEND = YES;
				GCC_C_LANGUAGE_STANDARD = gnu11;
				GCC_NO_COMMON_BLOCKS = YES;
				GCC_WARN_64_TO_32_BIT_CONVERSION = YES;
				GCC_WARN_ABOUT_RETURN_TYPE = YES_ERROR;
				GCC_WARN_UNDECLARED_SELECTOR = YES;
				GCC_WARN_UNINITIALIZED_AUTOS = YES_AGGRESSIVE;
				GCC_WARN_UNUSED_FUNCTION = YES;
				GCC_WARN_UNUSED_VARIABLE = YES;
				IPHONEOS_DEPLOYMENT_TARGET = 16.2;
				MTL_ENABLE_DEBUG_INFO = NO;
				MTL_FAST_MATH = YES;
				SDKROOT = iphoneos;
				SWIFT_COMPILATION_MODE = wholemodule;
				SWIFT_OPTIMIZATION_LEVEL = "-O";
				VALIDATE_PRODUCT = YES;
			};
			name = Release;
		};
		D2DCC73229819A5000D0FA4A /* Debug */ = {
			isa = XCBuildConfiguration;
			buildSettings = {
				ASSETCATALOG_COMPILER_APPICON_NAME = AppIcon;
				ASSETCATALOG_COMPILER_GLOBAL_ACCENT_COLOR_NAME = AccentColor;
				CODE_SIGN_STYLE = Automatic;
				CURRENT_PROJECT_VERSION = 1;
				DEVELOPMENT_ASSET_PATHS = "\"TransitionExamples/Preview Content\"";
				DEVELOPMENT_TEAM = 97855WC2LR;
				ENABLE_PREVIEWS = YES;
				GENERATE_INFOPLIST_FILE = YES;
				INFOPLIST_KEY_UIApplicationSceneManifest_Generation = YES;
				INFOPLIST_KEY_UIApplicationSupportsIndirectInputEvents = YES;
				INFOPLIST_KEY_UILaunchScreen_Generation = YES;
				INFOPLIST_KEY_UISupportedInterfaceOrientations_iPad = "UIInterfaceOrientationPortrait UIInterfaceOrientationPortraitUpsideDown UIInterfaceOrientationLandscapeLeft UIInterfaceOrientationLandscapeRight";
				INFOPLIST_KEY_UISupportedInterfaceOrientations_iPhone = "UIInterfaceOrientationPortrait UIInterfaceOrientationLandscapeLeft UIInterfaceOrientationLandscapeRight";
				LD_RUNPATH_SEARCH_PATHS = (
					"$(inherited)",
					"@executable_path/Frameworks",
				);
				MARKETING_VERSION = 1.0;
				PRODUCT_BUNDLE_IDENTIFIER = com.naturallyinviting.tcatransitionexamples.TransitionExamples;
				PRODUCT_NAME = "$(TARGET_NAME)";
				SWIFT_EMIT_LOC_STRINGS = YES;
				SWIFT_VERSION = 5.0;
				TARGETED_DEVICE_FAMILY = "1,2";
			};
			name = Debug;
		};
		D2DCC73329819A5000D0FA4A /* Release */ = {
			isa = XCBuildConfiguration;
			buildSettings = {
				ASSETCATALOG_COMPILER_APPICON_NAME = AppIcon;
				ASSETCATALOG_COMPILER_GLOBAL_ACCENT_COLOR_NAME = AccentColor;
				CODE_SIGN_STYLE = Automatic;
				CURRENT_PROJECT_VERSION = 1;
				DEVELOPMENT_ASSET_PATHS = "\"TransitionExamples/Preview Content\"";
				DEVELOPMENT_TEAM = 97855WC2LR;
				ENABLE_PREVIEWS = YES;
				GENERATE_INFOPLIST_FILE = YES;
				INFOPLIST_KEY_UIApplicationSceneManifest_Generation = YES;
				INFOPLIST_KEY_UIApplicationSupportsIndirectInputEvents = YES;
				INFOPLIST_KEY_UILaunchScreen_Generation = YES;
				INFOPLIST_KEY_UISupportedInterfaceOrientations_iPad = "UIInterfaceOrientationPortrait UIInterfaceOrientationPortraitUpsideDown UIInterfaceOrientationLandscapeLeft UIInterfaceOrientationLandscapeRight";
				INFOPLIST_KEY_UISupportedInterfaceOrientations_iPhone = "UIInterfaceOrientationPortrait UIInterfaceOrientationLandscapeLeft UIInterfaceOrientationLandscapeRight";
				LD_RUNPATH_SEARCH_PATHS = (
					"$(inherited)",
					"@executable_path/Frameworks",
				);
				MARKETING_VERSION = 1.0;
				PRODUCT_BUNDLE_IDENTIFIER = com.naturallyinviting.tcatransitionexamples.TransitionExamples;
				PRODUCT_NAME = "$(TARGET_NAME)";
				SWIFT_EMIT_LOC_STRINGS = YES;
				SWIFT_VERSION = 5.0;
				TARGETED_DEVICE_FAMILY = "1,2";
			};
			name = Release;
		};
/* End XCBuildConfiguration section */

/* Begin XCConfigurationList section */
		D227D295298199B0004A5D03 /* Build configuration list for PBXProject "TcaTransitionExamples" */ = {
			isa = XCConfigurationList;
			buildConfigurations = (
				D227D2A6298199B1004A5D03 /* Debug */,
				D227D2A7298199B1004A5D03 /* Release */,
			);
			defaultConfigurationIsVisible = 0;
			defaultConfigurationName = Release;
		};
		D2DCC73429819A5000D0FA4A /* Build configuration list for PBXNativeTarget "TransitionExamples" */ = {
			isa = XCConfigurationList;
			buildConfigurations = (
				D2DCC73229819A5000D0FA4A /* Debug */,
				D2DCC73329819A5000D0FA4A /* Release */,
			);
			defaultConfigurationIsVisible = 0;
			defaultConfigurationName = Release;
		};
/* End XCConfigurationList section */

/* Begin XCRemoteSwiftPackageReference section */
		D2DCC73A29819B2300D0FA4A /* XCRemoteSwiftPackageReference "swift-composable-architecture" */ = {
			isa = XCRemoteSwiftPackageReference;
			repositoryURL = "https://github.com/pointfreeco/swift-composable-architecture";
			requirement = {
				kind = exactVersion;
				version = 1.7.0;
			};
		};
/* End XCRemoteSwiftPackageReference section */

/* Begin XCSwiftPackageProductDependency section */
		D2DCC73B29819B2300D0FA4A /* ComposableArchitecture */ = {
			isa = XCSwiftPackageProductDependency;
			package = D2DCC73A29819B2300D0FA4A /* XCRemoteSwiftPackageReference "swift-composable-architecture" */;
			productName = ComposableArchitecture;
		};
		D2DCC73D29819B2300D0FA4A /* Dependencies */ = {
			isa = XCSwiftPackageProductDependency;
			package = D2DCC73A29819B2300D0FA4A /* XCRemoteSwiftPackageReference "swift-composable-architecture" */;
			productName = Dependencies;
		};
		D2DCC73F2981A07200D0FA4A /* TCATransitions */ = {
			isa = XCSwiftPackageProductDependency;
			productName = TCATransitions;
		};
/* End XCSwiftPackageProductDependency section */
	};
	rootObject = D227D292298199B0004A5D03 /* Project object */;
}
